
Microsoft Visual Studio Solution File, Format Version 12.00
# Visual Studio Version 16
VisualStudioVersion = 16.0.30517.126
MinimumVisualStudioVersion = 10.0.40219.1
Project("{FAE04EC0-301F-11D3-BF4B-00C04F79EFBC}") = "Sql_Interface", "Sql_Interface.csproj", "{019CB41D-0B7A-4261-8040-09DD7D903365}"
EndProject
Project("{FAE04EC0-301F-11D3-BF4B-00C04F79EFBC}") = "Sql_Interface_Unit_Test", "Sql_Interface_Unit_Test\Sql_Interface_Unit_Test.csproj", "{3ED52A14-EB6E-4015-9375-4B22371A9F23}"
EndProject
Global
	GlobalSection(SolutionConfigurationPlatforms) = preSolution
		Debug|Any CPU = Debug|Any CPU
		Release|Any CPU = Release|Any CPU
	EndGlobalSection
	GlobalSection(ProjectConfigurationPlatforms) = postSolution
		{019CB41D-0B7A-4261-8040-09DD7D903365}.Debug|Any CPU.ActiveCfg = Debug|Any CPU
		{019CB41D-0B7A-4261-8040-09DD7D903365}.Debug|Any CPU.Build.0 = Debug|Any CPU
		{019CB41D-0B7A-4261-8040-09DD7D903365}.Release|Any CPU.ActiveCfg = Release|Any CPU
		{019CB41D-0B7A-4261-8040-09DD7D903365}.Release|Any CPU.Build.0 = Release|Any CPU
		{3ED52A14-EB6E-4015-9375-4B22371A9F23}.Debug|Any CPU.ActiveCfg = Debug|Any CPU
		{3ED52A14-EB6E-4015-9375-4B22371A9F23}.Debug|Any CPU.Build.0 = Debug|Any CPU
		{3ED52A14-EB6E-4015-9375-4B22371A9F23}.Release|Any CPU.ActiveCfg = Release|Any CPU
		{3ED52A14-EB6E-4015-9375-4B22371A9F23}.Release|Any CPU.Build.0 = Release|Any CPU
	EndGlobalSection
	GlobalSection(SolutionProperties) = preSolution
		HideSolutionNode = FALSE
	EndGlobalSection
	GlobalSection(ExtensibilityGlobals) = postSolution
		SolutionGuid = {762822D0-DEDD-4FD8-87A0-55E06AA7529B}
	EndGlobalSection
EndGlobal
